// !$*UTF8*$!
{
	archiveVersion = 1;
	classes = {
	};
	objectVersion = 56;
	objects = {

/* Begin PBXBuildFile section */
		40AE720B2A0B75D0003001E5 /* AppDelegate.swift in Sources */ = {isa = PBXBuildFile; fileRef = 40AE720A2A0B75D0003001E5 /* AppDelegate.swift */; };
		40AE720D2A0B75D0003001E5 /* SceneDelegate.swift in Sources */ = {isa = PBXBuildFile; fileRef = 40AE720C2A0B75D0003001E5 /* SceneDelegate.swift */; };
		40AE720F2A0B75D0003001E5 /* ViewController.swift in Sources */ = {isa = PBXBuildFile; fileRef = 40AE720E2A0B75D0003001E5 /* ViewController.swift */; };
		40AE72122A0B75D0003001E5 /* Main.storyboard in Resources */ = {isa = PBXBuildFile; fileRef = 40AE72102A0B75D0003001E5 /* Main.storyboard */; };
		40AE72142A0B75D2003001E5 /* Assets.xcassets in Resources */ = {isa = PBXBuildFile; fileRef = 40AE72132A0B75D2003001E5 /* Assets.xcassets */; };
		40AE72172A0B75D2003001E5 /* LaunchScreen.storyboard in Resources */ = {isa = PBXBuildFile; fileRef = 40AE72152A0B75D2003001E5 /* LaunchScreen.storyboard */; };
		40AE721F2A0B761C003001E5 /* GeometricShapes.swift in Sources */ = {isa = PBXBuildFile; fileRef = 40AE721E2A0B761C003001E5 /* GeometricShapes.swift */; };
		40AE72212A0B7639003001E5 /* GeometricShapesEnum.swift in Sources */ = {isa = PBXBuildFile; fileRef = 40AE72202A0B7639003001E5 /* GeometricShapesEnum.swift */; };
/* End PBXBuildFile section */

/* Begin PBXFileReference section */
		40AE72072A0B75D0003001E5 /* AdditionalTask.app */ = {isa = PBXFileReference; explicitFileType = wrapper.application; includeInIndex = 0; path = AdditionalTask.app; sourceTree = BUILT_PRODUCTS_DIR; };
		40AE720A2A0B75D0003001E5 /* AppDelegate.swift */ = {isa = PBXFileReference; lastKnownFileType = sourcecode.swift; path = AppDelegate.swift; sourceTree = "<group>"; };
		40AE720C2A0B75D0003001E5 /* SceneDelegate.swift */ = {isa = PBXFileReference; lastKnownFileType = sourcecode.swift; path = SceneDelegate.swift; sourceTree = "<group>"; };
		40AE720E2A0B75D0003001E5 /* ViewController.swift */ = {isa = PBXFileReference; lastKnownFileType = sourcecode.swift; path = ViewController.swift; sourceTree = "<group>"; };
		40AE72112A0B75D0003001E5 /* Base */ = {isa = PBXFileReference; lastKnownFileType = file.storyboard; name = Base; path = Base.lproj/Main.storyboard; sourceTree = "<group>"; };
		40AE72132A0B75D2003001E5 /* Assets.xcassets */ = {isa = PBXFileReference; lastKnownFileType = folder.assetcatalog; path = Assets.xcassets; sourceTree = "<group>"; };
		40AE72162A0B75D2003001E5 /* Base */ = {isa = PBXFileReference; lastKnownFileType = file.storyboard; name = Base; path = Base.lproj/LaunchScreen.storyboard; sourceTree = "<group>"; };
		40AE72182A0B75D2003001E5 /* Info.plist */ = {isa = PBXFileReference; lastKnownFileType = text.plist.xml; path = Info.plist; sourceTree = "<group>"; };
		40AE721E2A0B761C003001E5 /* GeometricShapes.swift */ = {isa = PBXFileReference; lastKnownFileType = sourcecode.swift; path = GeometricShapes.swift; sourceTree = "<group>"; };
		40AE72202A0B7639003001E5 /* GeometricShapesEnum.swift */ = {isa = PBXFileReference; lastKnownFileType = sourcecode.swift; path = GeometricShapesEnum.swift; sourceTree = "<group>"; };
/* End PBXFileReference section */

/* Begin PBXFrameworksBuildPhase section */
		40AE72042A0B75D0003001E5 /* Frameworks */ = {
			isa = PBXFrameworksBuildPhase;
			buildActionMask = 2147483647;
			files = (
			);
			runOnlyForDeploymentPostprocessing = 0;
		};
/* End PBXFrameworksBuildPhase section */

/* Begin PBXGroup section */
		40AE71FE2A0B75D0003001E5 = {
			isa = PBXGroup;
			children = (
				40AE72092A0B75D0003001E5 /* AdditionalTask */,
				40AE72082A0B75D0003001E5 /* Products */,
			);
			sourceTree = "<group>";
		};
		40AE72082A0B75D0003001E5 /* Products */ = {
			isa = PBXGroup;
			children = (
				40AE72072A0B75D0003001E5 /* AdditionalTask.app */,
			);
			name = Products;
			sourceTree = "<group>";
		};
		40AE72092A0B75D0003001E5 /* AdditionalTask */ = {
			isa = PBXGroup;
			children = (
				40AE720A2A0B75D0003001E5 /* AppDelegate.swift */,
				40AE720C2A0B75D0003001E5 /* SceneDelegate.swift */,
				40AE720E2A0B75D0003001E5 /* ViewController.swift */,
				40AE721E2A0B761C003001E5 /* GeometricShapes.swift */,
				40AE72202A0B7639003001E5 /* GeometricShapesEnum.swift */,
				40AE72102A0B75D0003001E5 /* Main.storyboard */,
				40AE72132A0B75D2003001E5 /* Assets.xcassets */,
				40AE72152A0B75D2003001E5 /* LaunchScreen.storyboard */,
				40AE72182A0B75D2003001E5 /* Info.plist */,
			);
			path = AdditionalTask;
			sourceTree = "<group>";
		};
/* End PBXGroup section */

/* Begin PBXNativeTarget section */
		40AE72062A0B75D0003001E5 /* AdditionalTask */ = {
			isa = PBXNativeTarget;
			buildConfigurationList = 40AE721B2A0B75D2003001E5 /* Build configuration list for PBXNativeTarget "AdditionalTask" */;
			buildPhases = (
				40AE72032A0B75D0003001E5 /* Sources */,
				40AE72042A0B75D0003001E5 /* Frameworks */,
				40AE72052A0B75D0003001E5 /* Resources */,
			);
			buildRules = (
			);
			dependencies = (
			);
			name = AdditionalTask;
			productName = AdditionalTask;
			productReference = 40AE72072A0B75D0003001E5 /* AdditionalTask.app */;
			productType = "com.apple.product-type.application";
		};
/* End PBXNativeTarget section */

/* Begin PBXProject section */
		40AE71FF2A0B75D0003001E5 /* Project object */ = {
			isa = PBXProject;
			attributes = {
				BuildIndependentTargetsInParallel = 1;
				LastSwiftUpdateCheck = 1400;
				LastUpgradeCheck = 1400;
				TargetAttributes = {
					40AE72062A0B75D0003001E5 = {
						CreatedOnToolsVersion = 14.0.1;
					};
				};
			};
			buildConfigurationList = 40AE72022A0B75D0003001E5 /* Build configuration list for PBXProject "AdditionalTask" */;
			compatibilityVersion = "Xcode 14.0";
			developmentRegion = en;
			hasScannedForEncodings = 0;
			knownRegions = (
				en,
				Base,
			);
			mainGroup = 40AE71FE2A0B75D0003001E5;
			productRefGroup = 40AE72082A0B75D0003001E5 /* Products */;
			projectDirPath = "";
			projectRoot = "";
			targets = (
				40AE72062A0B75D0003001E5 /* AdditionalTask */,
			);
		};
/* End PBXProject section */

/* Begin PBXResourcesBuildPhase section */
		40AE72052A0B75D0003001E5 /* Resources */ = {
			isa = PBXResourcesBuildPhase;
			buildActionMask = 2147483647;
			files = (
				40AE72172A0B75D2003001E5 /* LaunchScreen.storyboard in Resources */,
				40AE72142A0B75D2003001E5 /* Assets.xcassets in Resources */,
				40AE72122A0B75D0003001E5 /* Main.storyboard in Resources */,
			);
			runOnlyForDeploymentPostprocessing = 0;
		};
/* End PBXResourcesBuildPhase section */

/* Begin PBXSourcesBuildPhase section */
		40AE72032A0B75D0003001E5 /* Sources */ = {
			isa = PBXSourcesBuildPhase;
			buildActionMask = 2147483647;
			files = (
				40AE720F2A0B75D0003001E5 /* ViewController.swift in Sources */,
				40AE720B2A0B75D0003001E5 /* AppDelegate.swift in Sources */,
				40AE720D2A0B75D0003001E5 /* SceneDelegate.swift in Sources */,
				40AE72212A0B7639003001E5 /* GeometricShapesEnum.swift in Sources */,
				40AE721F2A0B761C003001E5 /* GeometricShapes.swift in Sources */,
			);
			runOnlyForDeploymentPostprocessing = 0;
		};
/* End PBXSourcesBuildPhase section */

/* Begin PBXVariantGroup section */
		40AE72102A0B75D0003001E5 /* Main.storyboard */ = {
			isa = PBXVariantGroup;
			children = (
				40AE72112A0B75D0003001E5 /* Base */,
			);
			name = Main.storyboard;
			sourceTree = "<group>";
		};
		40AE72152A0B75D2003001E5 /* LaunchScreen.storyboard */ = {
			isa = PBXVariantGroup;
			children = (
				40AE72162A0B75D2003001E5 /* Base */,
			);
			name = LaunchScreen.storyboard;
			sourceTree = "<group>";
		};
/* End PBXVariantGroup section */

/* Begin XCBuildConfiguration section */
		40AE72192A0B75D2003001E5 /* Debug */ = {
			isa = XCBuildConfiguration;
			buildSettings = {
				ALWAYS_SEARCH_USER_PATHS = NO;
				CLANG_ANALYZER_NONNULL = YES;
				CLANG_ANALYZER_NUMBER_OBJECT_CONVERSION = YES_AGGRESSIVE;
				CLANG_CXX_LANGUAGE_STANDARD = "gnu++20";
				CLANG_ENABLE_MODULES = YES;
				CLANG_ENABLE_OBJC_ARC = YES;
				CLANG_ENABLE_OBJC_WEAK = YES;
				CLANG_WARN_BLOCK_CAPTURE_AUTORELEASING = YES;
				CLANG_WARN_BOOL_CONVERSION = YES;
				CLANG_WARN_COMMA = YES;
				CLANG_WARN_CONSTANT_CONVERSION = YES;
				CLANG_WARN_DEPRECATED_OBJC_IMPLEMENTATIONS = YES;
				CLANG_WARN_DIRECT_OBJC_ISA_USAGE = YES_ERROR;
				CLANG_WARN_DOCUMENTATION_COMMENTS = YES;
				CLANG_WARN_EMPTY_BODY = YES;
				CLANG_WARN_ENUM_CONVERSION = YES;
				CLANG_WARN_INFINITE_RECURSION = YES;
				CLANG_WARN_INT_CONVERSION = YES;
				CLANG_WARN_NON_LITERAL_NULL_CONVERSION = YES;
				CLANG_WARN_OBJC_IMPLICIT_RETAIN_SELF = YES;
				CLANG_WARN_OBJC_LITERAL_CONVERSION = YES;
				CLANG_WARN_OBJC_ROOT_CLASS = YES_ERROR;
				CLANG_WARN_QUOTED_INCLUDE_IN_FRAMEWORK_HEADER = YES;
				CLANG_WARN_RANGE_LOOP_ANALYSIS = YES;
				CLANG_WARN_STRICT_PROTOTYPES = YES;
				CLANG_WARN_SUSPICIOUS_MOVE = YES;
				CLANG_WARN_UNGUARDED_AVAILABILITY = YES_AGGRESSIVE;
				CLANG_WARN_UNREACHABLE_CODE = YES;
				CLANG_WARN__DUPLICATE_METHOD_MATCH = YES;
				COPY_PHASE_STRIP = NO;
				DEBUG_INFORMATION_FORMAT = dwarf;
				ENABLE_STRICT_OBJC_MSGSEND = YES;
				ENABLE_TESTABILITY = YES;
				GCC_C_LANGUAGE_STANDARD = gnu11;
				GCC_DYNAMIC_NO_PIC = NO;
				GCC_NO_COMMON_BLOCKS = YES;
				GCC_OPTIMIZATION_LEVEL = 0;
				GCC_PREPROCESSOR_DEFINITIONS = (
					"DEBUG=1",
					"$(inherited)",
				);
				GCC_WARN_64_TO_32_BIT_CONVERSION = YES;
				GCC_WARN_ABOUT_RETURN_TYPE = YES_ERROR;
				GCC_WARN_UNDECLARED_SELECTOR = YES;
				GCC_WARN_UNINITIALIZED_AUTOS = YES_AGGRESSIVE;
				GCC_WARN_UNUSED_FUNCTION = YES;
				GCC_WARN_UNUSED_VARIABLE = YES;
				IPHONEOS_DEPLOYMENT_TARGET = 16.0;
				MTL_ENABLE_DEBUG_INFO = INCLUDE_SOURCE;
				MTL_FAST_MATH = YES;
				ONLY_ACTIVE_ARCH = YES;
				SDKROOT = iphoneos;
				SWIFT_ACTIVE_COMPILATION_CONDITIONS = DEBUG;
				SWIFT_OPTIMIZATION_LEVEL = "-Onone";
			};
			name = Debug;
		};
		40AE721A2A0B75D2003001E5 /* Release */ = {
			isa = XCBuildConfiguration;
			buildSettings = {
				ALWAYS_SEARCH_USER_PATHS = NO;
				CLANG_ANALYZER_NONNULL = YES;
				CLANG_ANALYZER_NUMBER_OBJECT_CONVERSION = YES_AGGRESSIVE;
				CLANG_CXX_LANGUAGE_STANDARD = "gnu++20";
				CLANG_ENABLE_MODULES = YES;
				CLANG_ENABLE_OBJC_ARC = YES;
				CLANG_ENABLE_OBJC_WEAK = YES;
				CLANG_WARN_BLOCK_CAPTURE_AUTORELEASING = YES;
				CLANG_WARN_BOOL_CONVERSION = YES;
				CLANG_WARN_COMMA = YES;
				CLANG_WARN_CONSTANT_CONVERSION = YES;
				CLANG_WARN_DEPRECATED_OBJC_IMPLEMENTATIONS = YES;
				CLANG_WARN_DIRECT_OBJC_ISA_USAGE = YES_ERROR;
				CLANG_WARN_DOCUMENTATION_COMMENTS = YES;
				CLANG_WARN_EMPTY_BODY = YES;
				CLANG_WARN_ENUM_CONVERSION = YES;
				CLANG_WARN_INFINITE_RECURSION = YES;
				CLANG_WARN_INT_CONVERSION = YES;
				CLANG_WARN_NON_LITERAL_NULL_CONVERSION = YES;
				CLANG_WARN_OBJC_IMPLICIT_RETAIN_SELF = YES;
				CLANG_WARN_OBJC_LITERAL_CONVERSION = YES;
				CLANG_WARN_OBJC_ROOT_CLASS = YES_ERROR;
				CLANG_WARN_QUOTED_INCLUDE_IN_FRAMEWORK_HEADER = YES;
				CLANG_WARN_RANGE_LOOP_ANALYSIS = YES;
				CLANG_WARN_STRICT_PROTOTYPES = YES;
				CLANG_WARN_SUSPICIOUS_MOVE = YES;
				CLANG_WARN_UNGUARDED_AVAILABILITY = YES_AGGRESSIVE;
				CLANG_WARN_UNREACHABLE_CODE = YES;
				CLANG_WARN__DUPLICATE_METHOD_MATCH = YES;
				COPY_PHASE_STRIP = NO;
				DEBUG_INFORMATION_FORMAT = "dwarf-with-dsym";
				ENABLE_NS_ASSERTIONS = NO;
				ENABLE_STRICT_OBJC_MSGSEND = YES;
				GCC_C_LANGUAGE_STANDARD = gnu11;
				GCC_NO_COMMON_BLOCKS = YES;
				GCC_WARN_64_TO_32_BIT_CONVERSION = YES;
				GCC_WARN_ABOUT_RETURN_TYPE = YES_ERROR;
				GCC_WARN_UNDECLARED_SELECTOR = YES;
				GCC_WARN_UNINITIALIZED_AUTOS = YES_AGGRESSIVE;
				GCC_WARN_UNUSED_FUNCTION = YES;
				GCC_WARN_UNUSED_VARIABLE = YES;
				IPHONEOS_DEPLOYMENT_TARGET = 16.0;
				MTL_ENABLE_DEBUG_INFO = NO;
				MTL_FAST_MATH = YES;
				SDKROOT = iphoneos;
				SWIFT_COMPILATION_MODE = wholemodule;
				SWIFT_OPTIMIZATION_LEVEL = "-O";
				VALIDATE_PRODUCT = YES;
			};
			name = Release;
		};
		40AE721C2A0B75D2003001E5 /* Debug */ = {
			isa = XCBuildConfiguration;
			buildSettings = {
				ASSETCATALOG_COMPILER_APPICON_NAME = AppIcon;
				ASSETCATALOG_COMPILER_GLOBAL_ACCENT_COLOR_NAME = AccentColor;
				CODE_SIGN_STYLE = Automatic;
				CURRENT_PROJECT_VERSION = 1;
				DEVELOPMENT_TEAM = BU75PG7YWJ;
				GENERATE_INFOPLIST_FILE = YES;
				INFOPLIST_FILE = AdditionalTask/Info.plist;
				INFOPLIST_KEY_UIApplicationSupportsIndirectInputEvents = YES;
				INFOPLIST_KEY_UILaunchStoryboardName = LaunchScreen;
				INFOPLIST_KEY_UIMainStoryboardFile = Main;
				INFOPLIST_KEY_UISupportedInterfaceOrientations_iPad = "UIInterfaceOrientationPortrait UIInterfaceOrientationPortraitUpsideDown UIInterfaceOrientationLandscapeLeft UIInterfaceOrientationLandscapeRight";
				INFOPLIST_KEY_UISupportedInterfaceOrientations_iPhone = "UIInterfaceOrientationPortrait UIInterfaceOrientationLandscapeLeft UIInterfaceOrientationLandscapeRight";
				LD_RUNPATH_SEARCH_PATHS = (
					"$(inherited)",
					"@executable_path/Frameworks",
				);
				MARKETING_VERSION = 1.0;
				PRODUCT_BUNDLE_IDENTIFIER = com.ievofedo.AdditionalTask;
				PRODUCT_NAME = "$(TARGET_NAME)";
				SWIFT_EMIT_LOC_STRINGS = YES;
				SWIFT_VERSION = 5.0;
				TARGETED_DEVICE_FAMILY = "1,2";
			};
			name = Debug;
		};
		40AE721D2A0B75D2003001E5 /* Release */ = {
			isa = XCBuildConfiguration;
			buildSettings = {
				ASSETCATALOG_COMPILER_APPICON_NAME = AppIcon;
				ASSETCATALOG_COMPILER_GLOBAL_ACCENT_COLOR_NAME = AccentColor;
				CODE_SIGN_STYLE = Automatic;
				CURRENT_PROJECT_VERSION = 1;
				DEVELOPMENT_TEAM = BU75PG7YWJ;
				GENERATE_INFOPLIST_FILE = YES;
				INFOPLIST_FILE = AdditionalTask/Info.plist;
				INFOPLIST_KEY_UIApplicationSupportsIndirectInputEvents = YES;
				INFOPLIST_KEY_UILaunchStoryboardName = LaunchScreen;
				INFOPLIST_KEY_UIMainStoryboardFile = Main;
				INFOPLIST_KEY_UISupportedInterfaceOrientations_iPad = "UIInterfaceOrientationPortrait UIInterfaceOrientationPortraitUpsideDown UIInterfaceOrientationLandscapeLeft UIInterfaceOrientationLandscapeRight";
				INFOPLIST_KEY_UISupportedInterfaceOrientations_iPhone = "UIInterfaceOrientationPortrait UIInterfaceOrientationLandscapeLeft UIInterfaceOrientationLandscapeRight";
				LD_RUNPATH_SEARCH_PATHS = (
					"$(inherited)",
					"@executable_path/Frameworks",
				);
				MARKETING_VERSION = 1.0;
				PRODUCT_BUNDLE_IDENTIFIER = com.ievofedo.AdditionalTask;
				PRODUCT_NAME = "$(TARGET_NAME)";
				SWIFT_EMIT_LOC_STRINGS = YES;
				SWIFT_VERSION = 5.0;
				TARGETED_DEVICE_FAMILY = "1,2";
			};
			name = Release;
		};
/* End XCBuildConfiguration section */

/* Begin XCConfigurationList section */
		40AE72022A0B75D0003001E5 /* Build configuration list for PBXProject "AdditionalTask" */ = {
			isa = XCConfigurationList;
			buildConfigurations = (
				40AE72192A0B75D2003001E5 /* Debug */,
				40AE721A2A0B75D2003001E5 /* Release */,
			);
			defaultConfigurationIsVisible = 0;
			defaultConfigurationName = Release;
		};
		40AE721B2A0B75D2003001E5 /* Build configuration list for PBXNativeTarget "AdditionalTask" */ = {
			isa = XCConfigurationList;
			buildConfigurations = (
				40AE721C2A0B75D2003001E5 /* Debug */,
				40AE721D2A0B75D2003001E5 /* Release */,
			);
			defaultConfigurationIsVisible = 0;
			defaultConfigurationName = Release;
		};
/* End XCConfigurationList section */
	};
	rootObject = 40AE71FF2A0B75D0003001E5 /* Project object */;
}
